
Microsoft Visual Studio Solution File, Format Version 12.00
# Visual Studio 14
VisualStudioVersion = 14.0.25420.1
MinimumVisualStudioVersion = 10.0.40219.1
Project("{FAE04EC0-301F-11D3-BF4B-00C04F79EFBC}") = "Talentsprofile.WebUI", "Talentsprofile.WebUI\Talentsprofile.WebUI.csproj", "{ABEBB749-8000-41C9-939C-B0A4EA090591}"
	ProjectSection(ProjectDependencies) = postProject
		{18106002-4337-484F-83D8-F8C1A928A042} = {18106002-4337-484F-83D8-F8C1A928A042}
		{22987920-B2C5-4CBE-BF3D-00E70D4D599D} = {22987920-B2C5-4CBE-BF3D-00E70D4D599D}
		{F7B1A1C1-55EA-4F67-9980-203A437C5E46} = {F7B1A1C1-55EA-4F67-9980-203A437C5E46}
		{28DD13D3-D0CD-43B6-96BB-E3378D7CF855} = {28DD13D3-D0CD-43B6-96BB-E3378D7CF855}
	EndProjectSection
EndProject
Project("{FAE04EC0-301F-11D3-BF4B-00C04F79EFBC}") = "Arcmatics.Authentication", "Arcmatics.Authentication\Arcmatics.Authentication.csproj", "{F7B1A1C1-55EA-4F67-9980-203A437C5E46}"
	ProjectSection(ProjectDependencies) = postProject
		{D65EA2D5-4CAD-4B1B-9006-BD82311E4DD9} = {D65EA2D5-4CAD-4B1B-9006-BD82311E4DD9}
	EndProjectSection
EndProject
Project("{FAE04EC0-301F-11D3-BF4B-00C04F79EFBC}") = "Arcmatics.MessageGateways", "Arcmatics.MessageGateways\Arcmatics.MessageGateways.csproj", "{18106002-4337-484F-83D8-F8C1A928A042}"
EndProject
Project("{FAE04EC0-301F-11D3-BF4B-00C04F79EFBC}") = "Arcmatics.PdfManager", "Arcmatics.PdfManager\Arcmatics.PdfManager.csproj", "{FB1C8AB0-2C63-407C-9164-989B993A5AB9}"
EndProject
Project("{FAE04EC0-301F-11D3-BF4B-00C04F79EFBC}") = "TalentsProfile.BAL", "TalentsProfile.BAL\TalentsProfile.BAL.csproj", "{28DD13D3-D0CD-43B6-96BB-E3378D7CF855}"
	ProjectSection(ProjectDependencies) = postProject
		{22987920-B2C5-4CBE-BF3D-00E70D4D599D} = {22987920-B2C5-4CBE-BF3D-00E70D4D599D}
		{FB1C8AB0-2C63-407C-9164-989B993A5AB9} = {FB1C8AB0-2C63-407C-9164-989B993A5AB9}
		{F7B1A1C1-55EA-4F67-9980-203A437C5E46} = {F7B1A1C1-55EA-4F67-9980-203A437C5E46}
	EndProjectSection
EndProject
Project("{FAE04EC0-301F-11D3-BF4B-00C04F79EFBC}") = "TalentsProfile.DTO", "TalentsProfile.DTO\TalentsProfile.DTO.csproj", "{22987920-B2C5-4CBE-BF3D-00E70D4D599D}"
EndProject
Project("{FAE04EC0-301F-11D3-BF4B-00C04F79EFBC}") = "Arcmatics.DAL", "Arcmatics.DAL\Arcmatics.DAL.csproj", "{D65EA2D5-4CAD-4B1B-9006-BD82311E4DD9}"
EndProject
Project("{FAE04EC0-301F-11D3-BF4B-00C04F79EFBC}") = "TalentsProfile.Admin", "TalentsProfile.Admin\TalentsProfile.Admin.csproj", "{75CD1190-60A9-4166-95EC-369A7649334E}"
EndProject
Global
	GlobalSection(SolutionConfigurationPlatforms) = preSolution
		Debug|Any CPU = Debug|Any CPU
		Release|Any CPU = Release|Any CPU
	EndGlobalSection
	GlobalSection(ProjectConfigurationPlatforms) = postSolution
		{ABEBB749-8000-41C9-939C-B0A4EA090591}.Debug|Any CPU.ActiveCfg = Debug|Any CPU
		{ABEBB749-8000-41C9-939C-B0A4EA090591}.Debug|Any CPU.Build.0 = Debug|Any CPU
		{ABEBB749-8000-41C9-939C-B0A4EA090591}.Release|Any CPU.ActiveCfg = Release|Any CPU
		{ABEBB749-8000-41C9-939C-B0A4EA090591}.Release|Any CPU.Build.0 = Release|Any CPU
		{F7B1A1C1-55EA-4F67-9980-203A437C5E46}.Debug|Any CPU.ActiveCfg = Debug|Any CPU
		{F7B1A1C1-55EA-4F67-9980-203A437C5E46}.Debug|Any CPU.Build.0 = Debug|Any CPU
		{F7B1A1C1-55EA-4F67-9980-203A437C5E46}.Release|Any CPU.ActiveCfg = Release|Any CPU
		{F7B1A1C1-55EA-4F67-9980-203A437C5E46}.Release|Any CPU.Build.0 = Release|Any CPU
		{18106002-4337-484F-83D8-F8C1A928A042}.Debug|Any CPU.ActiveCfg = Debug|Any CPU
		{18106002-4337-484F-83D8-F8C1A928A042}.Debug|Any CPU.Build.0 = Debug|Any CPU
		{18106002-4337-484F-83D8-F8C1A928A042}.Release|Any CPU.ActiveCfg = Release|Any CPU
		{18106002-4337-484F-83D8-F8C1A928A042}.Release|Any CPU.Build.0 = Release|Any CPU
		{FB1C8AB0-2C63-407C-9164-989B993A5AB9}.Debug|Any CPU.ActiveCfg = Debug|Any CPU
		{FB1C8AB0-2C63-407C-9164-989B993A5AB9}.Debug|Any CPU.Build.0 = Debug|Any CPU
		{FB1C8AB0-2C63-407C-9164-989B993A5AB9}.Release|Any CPU.ActiveCfg = Release|Any CPU
		{FB1C8AB0-2C63-407C-9164-989B993A5AB9}.Release|Any CPU.Build.0 = Release|Any CPU
		{28DD13D3-D0CD-43B6-96BB-E3378D7CF855}.Debug|Any CPU.ActiveCfg = Debug|Any CPU
		{28DD13D3-D0CD-43B6-96BB-E3378D7CF855}.Debug|Any CPU.Build.0 = Debug|Any CPU
		{28DD13D3-D0CD-43B6-96BB-E3378D7CF855}.Release|Any CPU.ActiveCfg = Release|Any CPU
		{28DD13D3-D0CD-43B6-96BB-E3378D7CF855}.Release|Any CPU.Build.0 = Release|Any CPU
		{22987920-B2C5-4CBE-BF3D-00E70D4D599D}.Debug|Any CPU.ActiveCfg = Debug|Any CPU
		{22987920-B2C5-4CBE-BF3D-00E70D4D599D}.Debug|Any CPU.Build.0 = Debug|Any CPU
		{22987920-B2C5-4CBE-BF3D-00E70D4D599D}.Release|Any CPU.ActiveCfg = Release|Any CPU
		{22987920-B2C5-4CBE-BF3D-00E70D4D599D}.Release|Any CPU.Build.0 = Release|Any CPU
		{D65EA2D5-4CAD-4B1B-9006-BD82311E4DD9}.Debug|Any CPU.ActiveCfg = Debug|Any CPU
		{D65EA2D5-4CAD-4B1B-9006-BD82311E4DD9}.Debug|Any CPU.Build.0 = Debug|Any CPU
		{D65EA2D5-4CAD-4B1B-9006-BD82311E4DD9}.Release|Any CPU.ActiveCfg = Release|Any CPU
		{D65EA2D5-4CAD-4B1B-9006-BD82311E4DD9}.Release|Any CPU.Build.0 = Release|Any CPU
		{75CD1190-60A9-4166-95EC-369A7649334E}.Debug|Any CPU.ActiveCfg = Debug|Any CPU
		{75CD1190-60A9-4166-95EC-369A7649334E}.Debug|Any CPU.Build.0 = Debug|Any CPU
		{75CD1190-60A9-4166-95EC-369A7649334E}.Release|Any CPU.ActiveCfg = Release|Any CPU
		{75CD1190-60A9-4166-95EC-369A7649334E}.Release|Any CPU.Build.0 = Release|Any CPU
	EndGlobalSection
	GlobalSection(SolutionProperties) = preSolution
		HideSolutionNode = FALSE
	EndGlobalSection
EndGlobal
